
Microsoft Visual Studio Solution File, Format Version 12.00
# Visual Studio Version 17
VisualStudioVersion = 17.12.35707.178 d17.12
MinimumVisualStudioVersion = 10.0.40219.1
Project("{FAE04EC0-301F-11D3-BF4B-00C04F79EFBC}") = "CrudOperations", "CrudOperations\CrudOperations.csproj", "{93F5B1DA-CA8F-4F5A-AE0A-0EDA1EB14BCA}"
EndProject
Global
	GlobalSection(SolutionConfigurationPlatforms) = preSolution
		Debug|Any CPU = Debug|Any CPU
		Release|Any CPU = Release|Any CPU
	EndGlobalSection
	GlobalSection(ProjectConfigurationPlatforms) = postSolution
		{93F5B1DA-CA8F-4F5A-AE0A-0EDA1EB14BCA}.Debug|Any CPU.ActiveCfg = Debug|Any CPU
		{93F5B1DA-CA8F-4F5A-AE0A-0EDA1EB14BCA}.Debug|Any CPU.Build.0 = Debug|Any CPU
		{93F5B1DA-CA8F-4F5A-AE0A-0EDA1EB14BCA}.Release|Any CPU.ActiveCfg = Release|Any CPU
		{93F5B1DA-CA8F-4F5A-AE0A-0EDA1EB14BCA}.Release|Any CPU.Build.0 = Release|Any CPU
	EndGlobalSection
	GlobalSection(SolutionProperties) = preSolution
		HideSolutionNode = FALSE
	EndGlobalSection
EndGlobal
